
Microsoft Visual Studio Solution File, Format Version 12.00
# Visual Studio 15
VisualStudioVersion = 15.0.28307.645
MinimumVisualStudioVersion = 10.0.40219.1
Project("{FAE04EC0-301F-11D3-BF4B-00C04F79EFBC}") = "XmlSerialization", "XmlSerialization\XmlSerialization.csproj", "{65D32469-11D8-4204-B80E-99C27B464026}"
EndProject
Global
	GlobalSection(SolutionConfigurationPlatforms) = preSolution
		Debug|Any CPU = Debug|Any CPU
		Release|Any CPU = Release|Any CPU
	EndGlobalSection
	GlobalSection(ProjectConfigurationPlatforms) = postSolution
		{65D32469-11D8-4204-B80E-99C27B464026}.Debug|Any CPU.ActiveCfg = Debug|Any CPU
		{65D32469-11D8-4204-B80E-99C27B464026}.Debug|Any CPU.Build.0 = Debug|Any CPU
		{65D32469-11D8-4204-B80E-99C27B464026}.Release|Any CPU.ActiveCfg = Release|Any CPU
		{65D32469-11D8-4204-B80E-99C27B464026}.Release|Any CPU.Build.0 = Release|Any CPU
	EndGlobalSection
	GlobalSection(SolutionProperties) = preSolution
		HideSolutionNode = FALSE
	EndGlobalSection
	GlobalSection(ExtensibilityGlobals) = postSolution
		SolutionGuid = {472F4D37-86AF-4BF8-A609-2E21E3645C13}
	EndGlobalSection
EndGlobal
