
Microsoft Visual Studio Solution File, Format Version 12.00
# Visual Studio 15
VisualStudioVersion = 15.0.28010.2050
MinimumVisualStudioVersion = 10.0.40219.1
Project("{FAE04EC0-301F-11D3-BF4B-00C04F79EFBC}") = "ArrayIndexFinding", "ArrayIndexFinding\ArrayIndexFinding.csproj", "{1E4E6BE9-8445-4895-84D2-1CF22CEF6888}"
EndProject
Global
	GlobalSection(SolutionConfigurationPlatforms) = preSolution
		Debug|Any CPU = Debug|Any CPU
		Release|Any CPU = Release|Any CPU
	EndGlobalSection
	GlobalSection(ProjectConfigurationPlatforms) = postSolution
		{1E4E6BE9-8445-4895-84D2-1CF22CEF6888}.Debug|Any CPU.ActiveCfg = Debug|Any CPU
		{1E4E6BE9-8445-4895-84D2-1CF22CEF6888}.Debug|Any CPU.Build.0 = Debug|Any CPU
		{1E4E6BE9-8445-4895-84D2-1CF22CEF6888}.Release|Any CPU.ActiveCfg = Release|Any CPU
		{1E4E6BE9-8445-4895-84D2-1CF22CEF6888}.Release|Any CPU.Build.0 = Release|Any CPU
	EndGlobalSection
	GlobalSection(SolutionProperties) = preSolution
		HideSolutionNode = FALSE
	EndGlobalSection
	GlobalSection(ExtensibilityGlobals) = postSolution
		SolutionGuid = {6217C002-B22B-44B3-9045-0BD9AD49C8BA}
	EndGlobalSection
EndGlobal
