
Microsoft Visual Studio Solution File, Format Version 12.00
# Visual Studio 15
VisualStudioVersion = 15.0.28010.2050
MinimumVisualStudioVersion = 10.0.40219.1
Project("{FAE04EC0-301F-11D3-BF4B-00C04F79EFBC}") = "IncreasingNumberCount", "IncreasingNumberCount\IncreasingNumberCount.csproj", "{6B283B55-2D3C-48E8-A17E-58B5FFB622F0}"
EndProject
Global
	GlobalSection(SolutionConfigurationPlatforms) = preSolution
		Debug|Any CPU = Debug|Any CPU
		Release|Any CPU = Release|Any CPU
	EndGlobalSection
	GlobalSection(ProjectConfigurationPlatforms) = postSolution
		{6B283B55-2D3C-48E8-A17E-58B5FFB622F0}.Debug|Any CPU.ActiveCfg = Debug|Any CPU
		{6B283B55-2D3C-48E8-A17E-58B5FFB622F0}.Debug|Any CPU.Build.0 = Debug|Any CPU
		{6B283B55-2D3C-48E8-A17E-58B5FFB622F0}.Release|Any CPU.ActiveCfg = Release|Any CPU
		{6B283B55-2D3C-48E8-A17E-58B5FFB622F0}.Release|Any CPU.Build.0 = Release|Any CPU
	EndGlobalSection
	GlobalSection(SolutionProperties) = preSolution
		HideSolutionNode = FALSE
	EndGlobalSection
	GlobalSection(ExtensibilityGlobals) = postSolution
		SolutionGuid = {770C4C61-C23A-45C1-8BCA-5494BE1F14BA}
	EndGlobalSection
EndGlobal
